<?xml version="1.0" encoding="utf-8"?>
<Project ToolsVersion="4.0" xmlns="http://schemas.microsoft.com/developer/msbuild/2003">
  <ItemGroup>
    <ClCompile Include="..\src\Main.cpp">
      <Filter>src</Filter>
    </ClCompile>
    <ClCompile Include="..\src\PluginDefinition.cpp">
      <Filter>src</Filter>
    </ClCompile>
  </ItemGroup>
  <ItemGroup>
    <ClInclude Include="..\nppsys\menuCmdID.h">
      <Filter>Npp System</Filter>
    </ClInclude>
    <ClInclude Include="..\nppsys\Notepad_plus_msgs.h">
      <Filter>Npp System</Filter>
    </ClInclude>
    <ClInclude Include="..\nppsys\PluginInterface.h">
      <Filter>Npp System</Filter>
    </ClInclude>
    <ClInclude Include="..\nppsys\Sci_Position.h">
      <Filter>Npp System</Filter>
    </ClInclude>
    <ClInclude Include="..\nppsys\Scintilla.h">
      <Filter>Npp System</Filter>
    </ClInclude>
    <ClInclude Include="..\src\BasicInclude.hpp">
      <Filter>src</Filter>
    </ClInclude>
    <ClInclude Include="..\src\PluginDefinition.h">
      <Filter>src</Filter>
    </ClInclude>
    <ClInclude Include="..\src\resource.h">
      <Filter>src</Filter>
    </ClInclude>
  </ItemGroup>
  <ItemGroup>
    <ResourceCompile Include="..\src\ChineseConverter.rc" />
  </ItemGroup>
  <ItemGroup>
    <Filter Include="src">
      <UniqueIdentifier>{5541036b-ab56-443e-8453-824e1dd96f81}</UniqueIdentifier>
    </Filter>
    <Filter Include="Npp System">
      <UniqueIdentifier>{93e8df3e-d716-4b80-92bc-1def8dd1b64d}</UniqueIdentifier>
    </Filter>
  </ItemGroup>
</Project>